
Microsoft Visual Studio Solution File, Format Version 12.00
# Visual Studio Version 17
VisualStudioVersion = 17.7.34031.279
MinimumVisualStudioVersion = 10.0.40219.1
Project("{9A19103F-16F7-4668-BE54-9A1E7A4F7556}") = "Lakeside Escapades SSD Coursework", "Lakeside Escapades SSD Coursework.csproj", "{AC801DCF-85BB-4E6C-9EE4-2D408CB1D87B}"
EndProject
Global
	GlobalSection(SolutionConfigurationPlatforms) = preSolution
		Debug|Any CPU = Debug|Any CPU
		Debug|x64 = Debug|x64
		Release|Any CPU = Release|Any CPU
		Release|x64 = Release|x64
	EndGlobalSection
	GlobalSection(ProjectConfigurationPlatforms) = postSolution
		{AC801DCF-85BB-4E6C-9EE4-2D408CB1D87B}.Debug|Any CPU.ActiveCfg = Debug|Any CPU
		{AC801DCF-85BB-4E6C-9EE4-2D408CB1D87B}.Debug|Any CPU.Build.0 = Debug|Any CPU
		{AC801DCF-85BB-4E6C-9EE4-2D408CB1D87B}.Debug|x64.ActiveCfg = Debug|x64
		{AC801DCF-85BB-4E6C-9EE4-2D408CB1D87B}.Debug|x64.Build.0 = Debug|x64
		{AC801DCF-85BB-4E6C-9EE4-2D408CB1D87B}.Release|Any CPU.ActiveCfg = Release|Any CPU
		{AC801DCF-85BB-4E6C-9EE4-2D408CB1D87B}.Release|Any CPU.Build.0 = Release|Any CPU
		{AC801DCF-85BB-4E6C-9EE4-2D408CB1D87B}.Release|x64.ActiveCfg = Release|x64
		{AC801DCF-85BB-4E6C-9EE4-2D408CB1D87B}.Release|x64.Build.0 = Release|x64
	EndGlobalSection
	GlobalSection(SolutionProperties) = preSolution
		HideSolutionNode = FALSE
	EndGlobalSection
	GlobalSection(ExtensibilityGlobals) = postSolution
		SolutionGuid = {FA5404E9-D831-41DC-881F-3B68D898C29D}
	EndGlobalSection
EndGlobal
